github.com/bmizerany/assert v0.0.0-20160611221934-b7ed37b82869 h1:DDGfHa7BWjL4YnC6+E63dPcxHo2sUxDIu8g3QgEJdRY=
github.com/bmizerany/assert v0.0.0-20160611221934-b7ed37b82869/go.mod h1:Ekp36dRnpXw/yCqJaO+ZrUyxD+3VXMFFr56k5XYrpB4=
github.com/cenkalti/backoff/v4 v4.3.0 h1:MyRJ/UdXutAwSAT+s3wNd7MfTIcy71VQueUuFK343L8=
github.com/cenkalti/backoff/v4 v4.3.0/go.mod h1:Y3VNntkOUPxTVeUxJ/G5vcM//AlwfmyYozVcomhLiZE=
github.com/davecgh/go-spew v1.1.0/go.mod h1:J7Y8YcW2NihsgmVo/mv3lAwl/skON4iLHjSsI+c5H38=
github.com/davecgh/go-spew v1.1.1 h1:vj9j/u1bqnvCEfJOwUhtlOARqs3+rkHYY13jYWTU97c=
github.com/davecgh/go-spew v1.1.1/go.mod h1:J7Y8YcW2NihsgmVo/mv3lAwl/skON4iLHjSsI+c5H38=
github.com/felixge/httpsnoop v1.0.4 h1:NFTV2Zj1bL4mc9sqWACXbQFVBBg2W3GPvqp8/ESS2Wg=
github.com/felixge/httpsnoop v1.0.4/go.mod h1:m8KPJKqk1gH5J9DgRY2ASl2lWCfGKXixSwevea8zH2U=
github.com/fluent/fluent-logger-golang v1.9.0 h1:zUdY44CHX2oIUc7VTNZc+4m+ORuO/mldQDA7czhWXEg=
github.com/fluent/fluent-logger-golang v1.9.0/go.mod h1:2/HCT/jTy78yGyeNGQLGQsjF3zzzAuy6Xlk6FCMV5eU=
github.com/go-errors/errors v1.5.1 h1:ZwEMSLRCapFLflTpT7NKaAc7ukJ8ZPEjzlxt8rPN8bk=
github.com/go-errors/errors v1.5.1/go.mod h1:sIVyrIiJhuEF+Pj9Ebtd6P/rEYROXFi3BopGUQ5a5Og=
github.com/go-logr/logr v1.2.2/go.mod h1:jdQByPbusPIv2/zmleS9BjJVeZ6kBagPoEUsqbVz/1A=
github.com/go-logr/logr v1.4.2 h1:6pFjapn8bFcIbiKo3XT4j/BhANplGihG6tvd+8rYgrY=
github.com/go-logr/logr v1.4.2/go.mod h1:9T104GzyrTigFIr8wt5mBrctHMim0Nb2HLGrmQ40KvY=
github.com/go-logr/stdr v1.2.2 h1:hSWxHoqTgW2S2qGc0LTAI563KZ5YKYRhT3MFKZMbjag=
github.com/go-logr/stdr v1.2.2/go.mod h1:mMo/vtBO5dYbehREoey6XUKy/eSumjCCveDpRre4VKE=
github.com/google/go-cmp v0.6.0 h1:ofyhxvXcZhMsU5ulbFiLKl/XBFqE1GSq7atu8tAmTRI=
github.com/google/go-cmp v0.6.0/go.mod h1:17dUlkBOakJ0+DkrSSNjCkIjxS6bF9zb3elmeNGIjoY=
github.com/google/uuid v1.6.0 h1:NIvaJDMOsjHA8n1jAhLSgzrAzy1Hgr+hNrb57e+94F0=
github.com/google/uuid v1.6.0/go.mod h1:TIyPZe4MgqvfeYDBFedMoGGpEw/LqOeaOT+nhxU+yHo=
github.com/grafana/pyroscope-go v1.2.0 h1:aILLKjTj8CS8f/24OPMGPewQSYlhmdQMBmol1d3KGj8=
github.com/grafana/pyroscope-go v1.2.0/go.mod h1:2GHr28Nr05bg2pElS+dDsc98f3JTUh2f6Fz1hWXrqwk=
github.com/grafana/pyroscope-go/godeltaprof v0.1.8 h1:iwOtYXeeVSAeYefJNaxDytgjKtUuKQbJqgAIjlnicKg=
github.com/grafana/pyroscope-go/godeltaprof v0.1.8/go.mod h1:2+l7K7twW49Ct4wFluZD3tZ6e0SjanjcUUBPVD/UuGU=
github.com/grpc-ecosystem/grpc-gateway/v2 v2.22.0 h1:asbCHRVmodnJTuQ3qamDwqVOIjwqUPTYmYuemVOx+Ys=
github.com/grpc-ecosystem/grpc-gateway/v2 v2.22.0/go.mod h1:ggCgvZ2r7uOoQjOyu2Y1NhHmEPPzzuhWgcza5M1Ji1I=
github.com/klauspost/compress v1.17.10 h1:oXAz+Vh0PMUvJczoi+flxpnBEPxoER1IaAnU/NMPtT0=
github.com/klauspost/compress v1.17.10/go.mod h1:pMDklpSncoRMuLFrf1W9Ss9KT+0rH90U12bZKk7uwG0=
github.com/kr/pretty v0.3.1 h1:flRD4NNwYAUpkphVc1HcthR4KEIFJ65n8Mw5qdRn3LE=
github.com/kr/pretty v0.3.1/go.mod h1:hoEshYVHaxMs3cyo3Yncou5ZscifuDolrwPKZanG3xk=
github.com/kr/text v0.2.0 h1:5Nx0Ya0ZqY2ygV366QzturHI13Jq95ApcVaJBhpS+AY=
github.com/kr/text v0.2.0/go.mod h1:eLer722TekiGuMkidMxC/pM04lWEeraHUUmBw8l2grE=
github.com/middleware-labs/golang-apm-http v0.0.2 h1:fv53LKmkI3mpgt5Hmzsr/yENG1Ybsn9YQJj9UZLJxcY=
github.com/middleware-labs/golang-apm-http v0.0.2/go.mod h1:SErX6kkwuXTTfbrah0VuziqVWaODf9hciNPLtdtlNwU=
github.com/philhofer/fwd v1.1.3-0.20240612014219-fbbf4953d986 h1:jYi87L8j62qkXzaYHAQAhEapgukhenIMZRBKTNRLHJ4=
github.com/philhofer/fwd v1.1.3-0.20240612014219-fbbf4953d986/go.mod h1:RqIHx9QI14HlwKwm98g9Re5prTQ6LdeRQn+gXJFxsJM=
github.com/pmezard/go-difflib v1.0.0 h1:4DBwDE0NGyQoBHbLQYPwSUPoCMWR5BEzIk/f1lZbAQM=
github.com/pmezard/go-difflib v1.0.0/go.mod h1:iKH77koFhYxTK1pcRnkKkqfTogsbg7gZNVY4sRDYZ/4=
github.com/rogpeppe/go-internal v1.12.0 h1:exVL4IDcn6na9z1rAb56Vxr+CgyK3nn3O+epU5NdKM8=
github.com/rogpeppe/go-internal v1.12.0/go.mod h1:E+RYuTGaKKdloAfM02xzb0FW3Paa99yedzYV+kq4uf4=
github.com/sirupsen/logrus v1.9.3 h1:dueUQJ1C2q9oE3F7wvmSGAaVtTmUizReu6fjN8uqzbQ=
github.com/sirupsen/logrus v1.9.3/go.mod h1:naHLuLoDiP4jHNo9R0sCBMtWGeIprob74mVsIT4qYEQ=
github.com/stretchr/objx v0.1.0/go.mod h1:HFkY916IF+rwdDfMAkV7OtwuqBVzrE8GR6GFx+wExME=
github.com/stretchr/objx v0.5.2 h1:xuMeJ0Sdp5ZMRXx/aWO6RZxdr3beISkG5/G/aIRr3pY=
github.com/stretchr/objx v0.5.2/go.mod h1:FRsXN1f5AsAjCGJKqEizvkpNtU+EGNCLh3NxZ/8L+MA=
github.com/stretchr/testify v1.7.0/go.mod h1:6Fq8oRcR53rry900zMqJjRRixrwX3KX962/h/Wwjteg=
github.com/stretchr/testify v1.9.0 h1:HtqpIVDClZ4nwg75+f6Lvsy/wHu+3BoSGCbBAcpTsTg=
github.com/stretchr/testify v1.9.0/go.mod h1:r2ic/lqez/lEtzL7wO/rwa5dbSLXVDPFyf8C91i36aY=
github.com/tinylib/msgp v1.2.1 h1:6ypy2qcCznxpP4hpORzhtXyTqrBs7cfM9MCCWY8zsmU=
github.com/tinylib/msgp v1.2.1/go.mod h1:2vIGs3lcUo8izAATNobrCHevYZC/LMsJtw4JPiYPHro=
go.opentelemetry.io/contrib/bridges/otellogrus v0.5.0 h1:T9cxTlfBz5go7dFWejO5E4JfeglWgWL1MRTPq9p8da0=
go.opentelemetry.io/contrib/bridges/otellogrus v0.5.0/go.mod h1:f6xZHPJ3A+RFc3Lfz4SoGIpfmVr4PEF4XM1H3fl+6/4=
go.opentelemetry.io/contrib/instrumentation/net/http/otelhttp v0.47.0 h1:sv9kVfal0MK0wBMCOGr+HeJm9v803BkJxGrk2au7j08=
go.opentelemetry.io/contrib/instrumentation/net/http/otelhttp v0.47.0/go.mod h1:SK2UL73Zy1quvRPonmOmRDiWk1KBV3LyIeeIxcEApWw=
go.opentelemetry.io/contrib/instrumentation/runtime v0.55.0 h1:GotCpbh7YkCHdFs+hYMdvAEyGsBZifFognqrOnBwyJM=
go.opentelemetry.io/contrib/instrumentation/runtime v0.55.0/go.mod h1:6b0AS55EEPj7qP44khqF5dqTUq+RkakDMShFaW1EcA4=
go.opentelemetry.io/contrib/propagators/b3 v1.30.0 h1:vumy4r1KMyaoQRltX7cJ37p3nluzALX9nugCjNNefuY=
go.opentelemetry.io/contrib/propagators/b3 v1.30.0/go.mod h1:fRbvRsaeVZ82LIl3u0rIvusIel2UUf+JcaaIpy5taho=
go.opentelemetry.io/otel v1.30.0 h1:F2t8sK4qf1fAmY9ua4ohFS/K+FUuOPemHUIXHtktrts=
go.opentelemetry.io/otel v1.30.0/go.mod h1:tFw4Br9b7fOS+uEao81PJjVMjW/5fvNCbpsDIXqP0pc=
go.opentelemetry.io/otel/exporters/otlp/otlplog/otlploggrpc v0.6.0 h1:WYsDPt0fM4KZaMhLvY+x6TVXd85P/KNl3Ez3t+0+kGs=
go.opentelemetry.io/otel/exporters/otlp/otlplog/otlploggrpc v0.6.0/go.mod h1:vfY4arMmvljeXPNJOE0idEwuoPMjAPCWmBMmj6R5Ksw=
go.opentelemetry.io/otel/exporters/otlp/otlpmetric/otlpmetricgrpc v1.30.0 h1:WypxHH02KX2poqqbaadmkMYalGyy/vil4HE4PM4nRJc=
go.opentelemetry.io/otel/exporters/otlp/otlpmetric/otlpmetricgrpc v1.30.0/go.mod h1:U79SV99vtvGSEBeeHnpgGJfTsnsdkWLpPN/CcHAzBSI=
go.opentelemetry.io/otel/exporters/otlp/otlptrace v1.30.0 h1:lsInsfvhVIfOI6qHVyysXMNDnjO9Npvl7tlDPJFBVd4=
go.opentelemetry.io/otel/exporters/otlp/otlptrace v1.30.0/go.mod h1:KQsVNh4OjgjTG0G6EiNi1jVpnaeeKsKMRwbLN+f1+8M=
go.opentelemetry.io/otel/exporters/otlp/otlptrace/otlptracegrpc v1.30.0 h1:m0yTiGDLUvVYaTFbAvCkVYIYcvwKt3G7OLoN77NUs/8=
go.opentelemetry.io/otel/exporters/otlp/otlptrace/otlptracegrpc v1.30.0/go.mod h1:wBQbT4UekBfegL2nx0Xk1vBcnzyBPsIVm9hRG4fYcr4=
go.opentelemetry.io/otel/exporters/stdout/stdoutlog v0.6.0 h1:bZHOb8k/CwwSt0DgvgaoOhBXWNdWqFWaIsGTtg1H3KE=
go.opentelemetry.io/otel/exporters/stdout/stdoutlog v0.6.0/go.mod h1:XlV163j81kDdIt5b5BXCjdqVfqJFy/LJrHA697SorvQ=
go.opentelemetry.io/otel/exporters/stdout/stdoutmetric v1.30.0 h1:IyFlqNsi8VT/nwYlLJfdM0y1gavxGpEvnf6FtVfZ6X4=
go.opentelemetry.io/otel/exporters/stdout/stdoutmetric v1.30.0/go.mod h1:bxiX8eUeKoAEQmbq/ecUT8UqZwCjZW52yJrXJUSozsk=
go.opentelemetry.io/otel/exporters/stdout/stdouttrace v1.30.0 h1:kn1BudCgwtE7PxLqcZkErpD8GKqLZ6BSzeW9QihQJeM=
go.opentelemetry.io/otel/exporters/stdout/stdouttrace v1.30.0/go.mod h1:ljkUDtAMdleoi9tIG1R6dJUpVwDcYjw3J2Q6Q/SuiC0=
go.opentelemetry.io/otel/log v0.6.0 h1:nH66tr+dmEgW5y+F9LanGJUBYPrRgP4g2EkmPE3LeK8=
go.opentelemetry.io/otel/log v0.6.0/go.mod h1:KdySypjQHhP069JX0z/t26VHwa8vSwzgaKmXtIB3fJM=
go.opentelemetry.io/otel/metric v1.30.0 h1:4xNulvn9gjzo4hjg+wzIKG7iNFEaBMX00Qd4QIZs7+w=
go.opentelemetry.io/otel/metric v1.30.0/go.mod h1:aXTfST94tswhWEb+5QjlSqG+cZlmyXy/u8jFpor3WqQ=
go.opentelemetry.io/otel/sdk v1.30.0 h1:cHdik6irO49R5IysVhdn8oaiR9m8XluDaJAs4DfOrYE=
go.opentelemetry.io/otel/sdk v1.30.0/go.mod h1:p14X4Ok8S+sygzblytT1nqG98QG2KYKv++HE0LY/mhg=
go.opentelemetry.io/otel/sdk/log v0.6.0 h1:4J8BwXY4EeDE9Mowg+CyhWVBhTSLXVXodiXxS/+PGqI=
go.opentelemetry.io/otel/sdk/log v0.6.0/go.mod h1:L1DN8RMAduKkrwRAFDEX3E3TLOq46+XMGSbUfHU/+vE=
go.opentelemetry.io/otel/sdk/metric v1.30.0 h1:QJLT8Pe11jyHBHfSAgYH7kEmT24eX792jZO1bo4BXkM=
go.opentelemetry.io/otel/sdk/metric v1.30.0/go.mod h1:waS6P3YqFNzeP01kuo/MBBYqaoBJl7efRQHOaydhy1Y=
go.opentelemetry.io/otel/trace v1.30.0 h1:7UBkkYzeg3C7kQX8VAidWh2biiQbtAKjyIML8dQ9wmc=
go.opentelemetry.io/otel/trace v1.30.0/go.mod h1:5EyKqTzzmyqB9bwtCCq6pDLktPK6fmGf/Dph+8VI02o=
go.opentelemetry.io/proto/otlp v1.3.1 h1:TrMUixzpM0yuc/znrFTP9MMRh8trP93mkCiDVeXrui0=
go.opentelemetry.io/proto/otlp v1.3.1/go.mod h1:0X1WI4de4ZsLrrJNLAQbFeLCm3T7yBkR0XqQ7niQU+8=
go.uber.org/goleak v1.3.0 h1:2K3zAYmnTNqV73imy9J1T3WC+gmCePx2hEGkimedGto=
go.uber.org/goleak v1.3.0/go.mod h1:CoHD4mav9JJNrW/WLlf7HGZPjdw8EucARQHekz1X6bE=
golang.org/x/net v0.29.0 h1:5ORfpBpCs4HzDYoodCDBbwHzdR5UrLBZ3sOnUJmFoHo=
golang.org/x/net v0.29.0/go.mod h1:gLkgy8jTGERgjzMic6DS9+SP0ajcu6Xu3Orq/SpETg0=
golang.org/x/sys v0.0.0-20220715151400-c0bba94af5f8/go.mod h1:oPkhp1MJrh7nUepCBck5+mAzfO9JrbApNNgaTdGDITg=
golang.org/x/sys v0.25.0 h1:r+8e+loiHxRqhXVl6ML1nO3l1+oFoWbnlu2Ehimmi34=
golang.org/x/sys v0.25.0/go.mod h1:/VUhepiaJMQUp4+oa/7Zr1D23ma6VTLIYjOOTFZPUcA=
golang.org/x/text v0.18.0 h1:XvMDiNzPAl0jr17s6W9lcaIhGUfUORdGCNsuLmPG224=
golang.org/x/text v0.18.0/go.mod h1:BuEKDfySbSR4drPmRPG/7iBdf8hvFMuRexcpahXilzY=
google.golang.org/genproto/googleapis/api v0.0.0-20240924160255-9d4c2d233b61 h1:pAjq8XSSzXoP9ya73v/w+9QEAAJNluLrpmMq5qFJQNY=
google.golang.org/genproto/googleapis/api v0.0.0-20240924160255-9d4c2d233b61/go.mod h1:O6rP0uBq4k0mdi/b4ZEMAZjkhYWhS815kCvaMha4VN8=
google.golang.org/genproto/googleapis/rpc v0.0.0-20240924160255-9d4c2d233b61 h1:N9BgCIAUvn/M+p4NJccWPWb3BWh88+zyL0ll9HgbEeM=
google.golang.org/genproto/googleapis/rpc v0.0.0-20240924160255-9d4c2d233b61/go.mod h1:UqMtugtsSgubUsoxbuAoiCXvqvErP7Gf0so0mK9tHxU=
google.golang.org/grpc v1.67.0 h1:IdH9y6PF5MPSdAntIcpjQ+tXO41pcQsfZV2RxtQgVcw=
google.golang.org/grpc v1.67.0/go.mod h1:1gLDyUQU7CTLJI90u3nXZ9ekeghjeM7pTDZlqFNg2AA=
google.golang.org/protobuf v1.34.2 h1:6xV6lTsCfpGD21XK49h7MhtcApnLqkfYgPcdHftf6hg=
google.golang.org/protobuf v1.34.2/go.mod h1:qYOHts0dSfpeUzUFpOMr/WGzszTmLH+DiWniOlNbLDw=
gopkg.in/check.v1 v0.0.0-20161208181325-20d25e280405/go.mod h1:Co6ibVJAznAaIkqp8huTwlJQCZ016jof/cbN4VW5Yz0=
gopkg.in/yaml.v3 v3.0.0-20200313102051-9f266ea9e77c/go.mod h1:K4uyk7z7BCEPqu6E+C64Yfv1cQ7kz7rIZviUmN+EgEM=
gopkg.in/yaml.v3 v3.0.1 h1:fxVm/GzAzEWqLHuvctI91KS9hhNmmWOoWu0XTYJS7CA=
gopkg.in/yaml.v3 v3.0.1/go.mod h1:K4uyk7z7BCEPqu6E+C64Yfv1cQ7kz7rIZviUmN+EgEM=
